NeoBundleLock asyncomplete-lsp.vim cc5247bc268fb2c79d8b127bd772514554efb3ee
NeoBundleLock asyncomplete.vim 016590d2ca73cefe45712430e319a0ef004e2215
NeoBundleLock ctrlp.vim 7c972cb19c8544c681ca345c64ec39e04f4651cc
NeoBundleLock neobundle.vim 1306c131ff0a6cc094b7ff0727350e442b5427f1
NeoBundleLock neosnippet-snippets 725c989f18e9c134cddd63a7c6b15bed5c244657
NeoBundleLock neosnippet.vim efb2a615df2e6df9364087686dacca223fcfa16a
NeoBundleLock nerdtree fbb71fcd90602e3ec77f40b864b5f9b437c496c5
NeoBundleLock vim-airline 16c1638f93f93fad41da8cb6eef2bcd8eed0a57a
NeoBundleLock vim-airline-themes a9aa25ce323b2dd04a52706f4d1b044f4feb7617
NeoBundleLock vim-colors-solarized 528a59f26d12278698bb946f8fb82a63711eec21
NeoBundleLock vim-colorschemes fd8f122cef604330c96a6a6e434682dbdfb878c9
NeoBundleLock vim-devicons 71f239af28b7214eebb60d4ea5bd040291fb7e33
NeoBundleLock vim-fugitive 4f59455d2388e113bd510e85b310d15b9228ca0d
NeoBundleLock vim-go b5fc46841e818dc118abb5da650b00bd93355290
NeoBundleLock vim-lsp f7ccf006df1aefd327c0e2c55cc8632a2db577c1
NeoBundleLock vim-lsp-settings 195fa719ca4e6b41e183135c55a348c265ec7dea
NeoBundleLock vimshell 3787e52766812d8b99a93ccdda57517bc2a0bab6
NeoBundleLock vimtex 366ba106795db13879fdbfb4d6e4b8e1d616b684
